
Microsoft Visual Studio Solution File, Format Version 12.00
# Visual Studio Version 16
VisualStudioVersion = 16.0.31424.327
MinimumVisualStudioVersion = 10.0.40219.1
Project("{FAE04EC0-301F-11D3-BF4B-00C04F79EFBC}") = "SistemaWebMVC", "SistemaWebMVC\SistemaWebMVC.csproj", "{262DCD7E-7C4F-46A9-9E7A-A6A2A25A1D64}"
EndProject
Global
	GlobalSection(SolutionConfigurationPlatforms) = preSolution
		Debug|Any CPU = Debug|Any CPU
		Release|Any CPU = Release|Any CPU
	EndGlobalSection
	GlobalSection(ProjectConfigurationPlatforms) = postSolution
		{262DCD7E-7C4F-46A9-9E7A-A6A2A25A1D64}.Debug|Any CPU.ActiveCfg = Debug|Any CPU
		{262DCD7E-7C4F-46A9-9E7A-A6A2A25A1D64}.Debug|Any CPU.Build.0 = Debug|Any CPU
		{262DCD7E-7C4F-46A9-9E7A-A6A2A25A1D64}.Release|Any CPU.ActiveCfg = Release|Any CPU
		{262DCD7E-7C4F-46A9-9E7A-A6A2A25A1D64}.Release|Any CPU.Build.0 = Release|Any CPU
	EndGlobalSection
	GlobalSection(SolutionProperties) = preSolution
		HideSolutionNode = FALSE
	EndGlobalSection
	GlobalSection(ExtensibilityGlobals) = postSolution
		SolutionGuid = {F9574485-EA4D-4166-B554-F00C8A1009E0}
	EndGlobalSection
EndGlobal
